
Microsoft Visual Studio Solution File, Format Version 12.00
# Visual Studio 15
VisualStudioVersion = 15.0.28307.421
MinimumVisualStudioVersion = 10.0.40219.1
Project("{FAE04EC0-301F-11D3-BF4B-00C04F79EFBC}") = "Dota2ApiCore2_2", "Dota2ApiCore2.2\Dota2ApiCore2_2.csproj", "{71097D3C-4A1C-4BD8-8B32-46F13BF5797A}"
EndProject
Global
	GlobalSection(SolutionConfigurationPlatforms) = preSolution
		Debug|Any CPU = Debug|Any CPU
		Release|Any CPU = Release|Any CPU
	EndGlobalSection
	GlobalSection(ProjectConfigurationPlatforms) = postSolution
		{71097D3C-4A1C-4BD8-8B32-46F13BF5797A}.Debug|Any CPU.ActiveCfg = Debug|Any CPU
		{71097D3C-4A1C-4BD8-8B32-46F13BF5797A}.Debug|Any CPU.Build.0 = Debug|Any CPU
		{71097D3C-4A1C-4BD8-8B32-46F13BF5797A}.Release|Any CPU.ActiveCfg = Release|Any CPU
		{71097D3C-4A1C-4BD8-8B32-46F13BF5797A}.Release|Any CPU.Build.0 = Release|Any CPU
	EndGlobalSection
	GlobalSection(SolutionProperties) = preSolution
		HideSolutionNode = FALSE
	EndGlobalSection
	GlobalSection(ExtensibilityGlobals) = postSolution
		SolutionGuid = {30B88833-9DDF-4661-8853-825369AB38AA}
	EndGlobalSection
EndGlobal
